{
  "version": 4,
  "terraform_version": "1.12.3",
  "serial": 3,
  "lineage": "74f629b1-81d2-6952-4c08-ff71e7e3a0b5",
  "outputs": {
    "nameservers": {
      "value": [
        "armando.ns.cloudflare.com",
        "gina.ns.cloudflare.com"
      ],
      "type": [
        "list",
        "string"
      ]
    },
    "pages_subdomain": {
      "value": "guillaumemocquet.pages.dev",
      "type": "string"
    }
  },
  "resources": [
    {
      "mode": "managed",
      "type": "cloudflare_dns_record",
      "name": "apex",
      "provider": "provider[\"registry.opentofu.org/cloudflare/cloudflare\"]",
      "instances": [
        {
          "schema_version": 500,
          "attributes": {
            "comment": null,
            "comment_modified_on": null,
            "content": "guillaumemocquet.pages.dev",
            "created_on": "2026-06-22T20:46:26Z",
            "data": null,
            "id": "a2acdc03049052393629a7b048417ea5",
            "meta": "{}",
            "modified_on": "2026-06-22T20:46:26Z",
            "name": "guillaumemocquet.com",
            "priority": null,
            "private_routing": null,
            "proxiable": true,
            "proxied": true,
            "settings": {
              "flatten_cname": false,
              "ipv4_only": false,
              "ipv6_only": false
            },
            "tags": [],
            "tags_modified_on": null,
            "ttl": 1,
            "type": "CNAME",
            "zone_id": "1d4f990f9251cbf1a3f76c04d9e0a308"
          },
          "sensitive_attributes": [],
          "dependencies": [
            "cloudflare_zone.site"
          ]
        }
      ]
    },
    {
      "mode": "managed",
      "type": "cloudflare_dns_record",
      "name": "mx",
      "provider": "provider[\"registry.opentofu.org/cloudflare/cloudflare\"]",
      "instances": [
        {
          "index_key": "mx0",
          "schema_version": 500,
          "attributes": {
            "comment": null,
            "comment_modified_on": null,
            "content": "mx0.mail.ovh.net",
            "created_on": "2026-06-22T20:46:26Z",
            "data": null,
            "id": "339e566752ac1b5d1e8bcae4d54e3121",
            "meta": "{}",
            "modified_on": "2026-06-22T20:46:26Z",
            "name": "guillaumemocquet.com",
            "priority": 1,
            "private_routing": null,
            "proxiable": false,
            "proxied": false,
            "settings": {
              "flatten_cname": null,
              "ipv4_only": null,
              "ipv6_only": null
            },
            "tags": [],
            "tags_modified_on": null,
            "ttl": 3600,
            "type": "MX",
            "zone_id": "1d4f990f9251cbf1a3f76c04d9e0a308"
          },
          "sensitive_attributes": [],
          "dependencies": [
            "cloudflare_zone.site"
          ]
        },
        {
          "index_key": "mx1",
          "schema_version": 500,
          "attributes": {
            "comment": null,
            "comment_modified_on": null,
            "content": "mx1.mail.ovh.net",
            "created_on": "2026-06-22T20:46:26Z",
            "data": null,
            "id": "2e948dba1a7ada52e3ff71d9bcd33fe2",
            "meta": "{}",
            "modified_on": "2026-06-22T20:46:26Z",
            "name": "guillaumemocquet.com",
            "priority": 5,
            "private_routing": null,
            "proxiable": false,
            "proxied": false,
            "settings": {
              "flatten_cname": null,
              "ipv4_only": null,
              "ipv6_only": null
            },
            "tags": [],
            "tags_modified_on": null,
            "ttl": 3600,
            "type": "MX",
            "zone_id": "1d4f990f9251cbf1a3f76c04d9e0a308"
          },
          "sensitive_attributes": [],
          "dependencies": [
            "cloudflare_zone.site"
          ]
        },
        {
          "index_key": "mx2",
          "schema_version": 500,
          "attributes": {
            "comment": null,
            "comment_modified_on": null,
            "content": "mx2.mail.ovh.net",
            "created_on": "2026-06-22T20:46:26Z",
            "data": null,
            "id": "86b25ce9c94ff1bc9d66133c30662dd2",
            "meta": "{}",
            "modified_on": "2026-06-22T20:46:26Z",
            "name": "guillaumemocquet.com",
            "priority": 50,
            "private_routing": null,
            "proxiable": false,
            "proxied": false,
            "settings": {
              "flatten_cname": null,
              "ipv4_only": null,
              "ipv6_only": null
            },
            "tags": [],
            "tags_modified_on": null,
            "ttl": 3600,
            "type": "MX",
            "zone_id": "1d4f990f9251cbf1a3f76c04d9e0a308"
          },
          "sensitive_attributes": [],
          "dependencies": [
            "cloudflare_zone.site"
          ]
        },
        {
          "index_key": "mx3",
          "schema_version": 500,
          "attributes": {
            "comment": null,
            "comment_modified_on": null,
            "content": "mx3.mail.ovh.net",
            "created_on": "2026-06-22T20:46:26Z",
            "data": null,
            "id": "43a604ce8a66d79c36ddcfbb99ec05f1",
            "meta": "{}",
            "modified_on": "2026-06-22T20:46:26Z",
            "name": "guillaumemocquet.com",
            "priority": 100,
            "private_routing": null,
            "proxiable": false,
            "proxied": false,
            "settings": {
              "flatten_cname": null,
              "ipv4_only": null,
              "ipv6_only": null
            },
            "tags": [],
            "tags_modified_on": null,
            "ttl": 3600,
            "type": "MX",
            "zone_id": "1d4f990f9251cbf1a3f76c04d9e0a308"
          },
          "sensitive_attributes": [],
          "dependencies": [
            "cloudflare_zone.site"
          ]
        }
      ]
    },
    {
      "mode": "managed",
      "type": "cloudflare_dns_record",
      "name": "service_cname",
      "provider": "provider[\"registry.opentofu.org/cloudflare/cloudflare\"]",
      "instances": [
        {
          "index_key": "autoconfig",
          "schema_version": 500,
          "attributes": {
            "comment": null,
            "comment_modified_on": null,
            "content": "mailconfig.ovh.net",
            "created_on": "2026-06-22T20:46:26Z",
            "data": null,
            "id": "915e9d109d97ec0ee4ff27c07d40643c",
            "meta": "{}",
            "modified_on": "2026-06-22T20:46:26Z",
            "name": "autoconfig.guillaumemocquet.com",
            "priority": null,
            "private_routing": null,
            "proxiable": true,
            "proxied": false,
            "settings": {
              "flatten_cname": false,
              "ipv4_only": false,
              "ipv6_only": false
            },
            "tags": [],
            "tags_modified_on": null,
            "ttl": 3600,
            "type": "CNAME",
            "zone_id": "1d4f990f9251cbf1a3f76c04d9e0a308"
          },
          "sensitive_attributes": [],
          "dependencies": [
            "cloudflare_zone.site"
          ]
        },
        {
          "index_key": "ftp",
          "schema_version": 500,
          "attributes": {
            "comment": null,
            "comment_modified_on": null,
            "content": "ftp.cluster017.ovh.net",
            "created_on": "2026-06-22T20:46:26Z",
            "data": null,
            "id": "59e31cd906af0eb1b76bf604400e4eaf",
            "meta": "{}",
            "modified_on": "2026-06-22T20:46:26Z",
            "name": "ftp.guillaumemocquet.com",
            "priority": null,
            "private_routing": null,
            "proxiable": true,
            "proxied": false,
            "settings": {
              "flatten_cname": false,
              "ipv4_only": false,
              "ipv6_only": false
            },
            "tags": [],
            "tags_modified_on": null,
            "ttl": 3600,
            "type": "CNAME",
            "zone_id": "1d4f990f9251cbf1a3f76c04d9e0a308"
          },
          "sensitive_attributes": [],
          "dependencies": [
            "cloudflare_zone.site"
          ]
        },
        {
          "index_key": "imap",
          "schema_version": 500,
          "attributes": {
            "comment": null,
            "comment_modified_on": null,
            "content": "ssl0.ovh.net",
            "created_on": "2026-06-22T20:46:26Z",
            "data": null,
            "id": "e418c9303fc03a4f4c89ffc190fea764",
            "meta": "{}",
            "modified_on": "2026-06-22T20:46:26Z",
            "name": "imap.guillaumemocquet.com",
            "priority": null,
            "private_routing": null,
            "proxiable": true,
            "proxied": false,
            "settings": {
              "flatten_cname": false,
              "ipv4_only": false,
              "ipv6_only": false
            },
            "tags": [],
            "tags_modified_on": null,
            "ttl": 3600,
            "type": "CNAME",
            "zone_id": "1d4f990f9251cbf1a3f76c04d9e0a308"
          },
          "sensitive_attributes": [],
          "dependencies": [
            "cloudflare_zone.site"
          ]
        },
        {
          "index_key": "mail",
          "schema_version": 500,
          "attributes": {
            "comment": null,
            "comment_modified_on": null,
            "content": "ssl0.ovh.net",
            "created_on": "2026-06-22T20:46:26Z",
            "data": null,
            "id": "b359a3badff007f599cca95f676b4f0c",
            "meta": "{}",
            "modified_on": "2026-06-22T20:46:26Z",
            "name": "mail.guillaumemocquet.com",
            "priority": null,
            "private_routing": null,
            "proxiable": true,
            "proxied": false,
            "settings": {
              "flatten_cname": false,
              "ipv4_only": false,
              "ipv6_only": false
            },
            "tags": [],
            "tags_modified_on": null,
            "ttl": 3600,
            "type": "CNAME",
            "zone_id": "1d4f990f9251cbf1a3f76c04d9e0a308"
          },
          "sensitive_attributes": [],
          "dependencies": [
            "cloudflare_zone.site"
          ]
        },
        {
          "index_key": "ovhmo2786047-selector1._domainkey",
          "schema_version": 500,
          "attributes": {
            "comment": null,
            "comment_modified_on": null,
            "content": "ovhmo2786047-selector1._domainkey.1710504.gs.dkim.mail.ovh.net",
            "created_on": "2026-06-22T20:46:26Z",
            "data": null,
            "id": "c509dff8f00b4db9f5315e60932aae87",
            "meta": "{}",
            "modified_on": "2026-06-22T20:46:26Z",
            "name": "ovhmo2786047-selector1._domainkey.guillaumemocquet.com",
            "priority": null,
            "private_routing": null,
            "proxiable": true,
            "proxied": false,
            "settings": {
              "flatten_cname": false,
              "ipv4_only": false,
              "ipv6_only": false
            },
            "tags": [],
            "tags_modified_on": null,
            "ttl": 3600,
            "type": "CNAME",
            "zone_id": "1d4f990f9251cbf1a3f76c04d9e0a308"
          },
          "sensitive_attributes": [],
          "dependencies": [
            "cloudflare_zone.site"
          ]
        },
        {
          "index_key": "ovhmo2786047-selector2._domainkey",
          "schema_version": 500,
          "attributes": {
            "comment": null,
            "comment_modified_on": null,
            "content": "ovhmo2786047-selector2._domainkey.1710503.gs.dkim.mail.ovh.net",
            "created_on": "2026-06-22T20:46:26Z",
            "data": null,
            "id": "ee8c6b03eaf437dd9a8203f3f0e5dd5f",
            "meta": "{}",
            "modified_on": "2026-06-22T20:46:26Z",
            "name": "ovhmo2786047-selector2._domainkey.guillaumemocquet.com",
            "priority": null,
            "private_routing": null,
            "proxiable": true,
            "proxied": false,
            "settings": {
              "flatten_cname": false,
              "ipv4_only": false,
              "ipv6_only": false
            },
            "tags": [],
            "tags_modified_on": null,
            "ttl": 3600,
            "type": "CNAME",
            "zone_id": "1d4f990f9251cbf1a3f76c04d9e0a308"
          },
          "sensitive_attributes": [],
          "dependencies": [
            "cloudflare_zone.site"
          ]
        },
        {
          "index_key": "pop3",
          "schema_version": 500,
          "attributes": {
            "comment": null,
            "comment_modified_on": null,
            "content": "ssl0.ovh.net",
            "created_on": "2026-06-22T20:46:26Z",
            "data": null,
            "id": "67ed1ea3e8054926bdaa03dec5785ac5",
            "meta": "{}",
            "modified_on": "2026-06-22T20:46:26Z",
            "name": "pop3.guillaumemocquet.com",
            "priority": null,
            "private_routing": null,
            "proxiable": true,
            "proxied": false,
            "settings": {
              "flatten_cname": false,
              "ipv4_only": false,
              "ipv6_only": false
            },
            "tags": [],
            "tags_modified_on": null,
            "ttl": 3600,
            "type": "CNAME",
            "zone_id": "1d4f990f9251cbf1a3f76c04d9e0a308"
          },
          "sensitive_attributes": [],
          "dependencies": [
            "cloudflare_zone.site"
          ]
        },
        {
          "index_key": "smtp",
          "schema_version": 500,
          "attributes": {
            "comment": null,
            "comment_modified_on": null,
            "content": "ssl0.ovh.net",
            "created_on": "2026-06-22T20:46:26Z",
            "data": null,
            "id": "60915ad5f9a64600f49cdb48421b5690",
            "meta": "{}",
            "modified_on": "2026-06-22T20:46:26Z",
            "name": "smtp.guillaumemocquet.com",
            "priority": null,
            "private_routing": null,
            "proxiable": true,
            "proxied": false,
            "settings": {
              "flatten_cname": false,
              "ipv4_only": false,
              "ipv6_only": false
            },
            "tags": [],
            "tags_modified_on": null,
            "ttl": 3600,
            "type": "CNAME",
            "zone_id": "1d4f990f9251cbf1a3f76c04d9e0a308"
          },
          "sensitive_attributes": [],
          "dependencies": [
            "cloudflare_zone.site"
          ]
        }
      ]
    },
    {
      "mode": "managed",
      "type": "cloudflare_dns_record",
      "name": "spf",
      "provider": "provider[\"registry.opentofu.org/cloudflare/cloudflare\"]",
      "instances": [
        {
          "schema_version": 500,
          "attributes": {
            "comment": null,
            "comment_modified_on": null,
            "content": "v=spf1 include:mx.ovh.com ~all",
            "created_on": "2026-06-22T20:46:26Z",
            "data": null,
            "id": "67ccd7f571bb00b6bdb8b7efe568dcb7",
            "meta": "{}",
            "modified_on": "2026-06-22T20:46:26Z",
            "name": "guillaumemocquet.com",
            "priority": null,
            "private_routing": null,
            "proxiable": false,
            "proxied": false,
            "settings": {
              "flatten_cname": null,
              "ipv4_only": null,
              "ipv6_only": null
            },
            "tags": [],
            "tags_modified_on": null,
            "ttl": 600,
            "type": "TXT",
            "zone_id": "1d4f990f9251cbf1a3f76c04d9e0a308"
          },
          "sensitive_attributes": [],
          "dependencies": [
            "cloudflare_zone.site"
          ]
        }
      ]
    },
    {
      "mode": "managed",
      "type": "cloudflare_dns_record",
      "name": "srv",
      "provider": "provider[\"registry.opentofu.org/cloudflare/cloudflare\"]",
      "instances": [
        {
          "index_key": "autodiscover",
          "schema_version": 500,
          "attributes": {
            "comment": null,
            "comment_modified_on": null,
            "content": "0 443 mailconfig.ovh.net",
            "created_on": "2026-06-22T20:46:26Z",
            "data": {
              "algorithm": null,
              "altitude": null,
              "certificate": null,
              "digest": null,
              "digest_type": null,
              "fingerprint": null,
              "flags": null,
              "key_tag": null,
              "lat_degrees": null,
              "lat_direction": null,
              "lat_minutes": null,
              "lat_seconds": null,
              "long_degrees": null,
              "long_direction": null,
              "long_minutes": null,
              "long_seconds": null,
              "matching_type": null,
              "order": null,
              "port": 443,
              "precision_horz": null,
              "precision_vert": null,
              "preference": null,
              "priority": 0,
              "protocol": null,
              "public_key": null,
              "regex": null,
              "replacement": null,
              "selector": null,
              "service": null,
              "size": null,
              "tag": null,
              "target": "mailconfig.ovh.net",
              "type": null,
              "usage": null,
              "value": null,
              "weight": 0
            },
            "id": "6534f9d2b64483ab2ef2b506156b97c9",
            "meta": "{}",
            "modified_on": "2026-06-22T20:46:26Z",
            "name": "_autodiscover._tcp.guillaumemocquet.com",
            "priority": null,
            "private_routing": null,
            "proxiable": false,
            "proxied": false,
            "settings": {
              "flatten_cname": null,
              "ipv4_only": null,
              "ipv6_only": null
            },
            "tags": [],
            "tags_modified_on": null,
            "ttl": 3600,
            "type": "SRV",
            "zone_id": "1d4f990f9251cbf1a3f76c04d9e0a308"
          },
          "sensitive_attributes": [],
          "dependencies": [
            "cloudflare_zone.site"
          ]
        },
        {
          "index_key": "imaps",
          "schema_version": 500,
          "attributes": {
            "comment": null,
            "comment_modified_on": null,
            "content": "0 993 ssl0.ovh.net",
            "created_on": "2026-06-22T20:46:26Z",
            "data": {
              "algorithm": null,
              "altitude": null,
              "certificate": null,
              "digest": null,
              "digest_type": null,
              "fingerprint": null,
              "flags": null,
              "key_tag": null,
              "lat_degrees": null,
              "lat_direction": null,
              "lat_minutes": null,
              "lat_seconds": null,
              "long_degrees": null,
              "long_direction": null,
              "long_minutes": null,
              "long_seconds": null,
              "matching_type": null,
              "order": null,
              "port": 993,
              "precision_horz": null,
              "precision_vert": null,
              "preference": null,
              "priority": 0,
              "protocol": null,
              "public_key": null,
              "regex": null,
              "replacement": null,
              "selector": null,
              "service": null,
              "size": null,
              "tag": null,
              "target": "ssl0.ovh.net",
              "type": null,
              "usage": null,
              "value": null,
              "weight": 0
            },
            "id": "a0489d122005c23e8d2e1ac5af314624",
            "meta": "{}",
            "modified_on": "2026-06-22T20:46:26Z",
            "name": "_imaps._tcp.guillaumemocquet.com",
            "priority": null,
            "private_routing": null,
            "proxiable": false,
            "proxied": false,
            "settings": {
              "flatten_cname": null,
              "ipv4_only": null,
              "ipv6_only": null
            },
            "tags": [],
            "tags_modified_on": null,
            "ttl": 3600,
            "type": "SRV",
            "zone_id": "1d4f990f9251cbf1a3f76c04d9e0a308"
          },
          "sensitive_attributes": [],
          "dependencies": [
            "cloudflare_zone.site"
          ]
        },
        {
          "index_key": "submission",
          "schema_version": 500,
          "attributes": {
            "comment": null,
            "comment_modified_on": null,
            "content": "0 465 ssl0.ovh.net",
            "created_on": "2026-06-22T20:46:26Z",
            "data": {
              "algorithm": null,
              "altitude": null,
              "certificate": null,
              "digest": null,
              "digest_type": null,
              "fingerprint": null,
              "flags": null,
              "key_tag": null,
              "lat_degrees": null,
              "lat_direction": null,
              "lat_minutes": null,
              "lat_seconds": null,
              "long_degrees": null,
              "long_direction": null,
              "long_minutes": null,
              "long_seconds": null,
              "matching_type": null,
              "order": null,
              "port": 465,
              "precision_horz": null,
              "precision_vert": null,
              "preference": null,
              "priority": 0,
              "protocol": null,
              "public_key": null,
              "regex": null,
              "replacement": null,
              "selector": null,
              "service": null,
              "size": null,
              "tag": null,
              "target": "ssl0.ovh.net",
              "type": null,
              "usage": null,
              "value": null,
              "weight": 0
            },
            "id": "7181b375353232292f7160a2ad71dd1c",
            "meta": "{}",
            "modified_on": "2026-06-22T20:46:26Z",
            "name": "_submission._tcp.guillaumemocquet.com",
            "priority": null,
            "private_routing": null,
            "proxiable": false,
            "proxied": false,
            "settings": {
              "flatten_cname": null,
              "ipv4_only": null,
              "ipv6_only": null
            },
            "tags": [],
            "tags_modified_on": null,
            "ttl": 3600,
            "type": "SRV",
            "zone_id": "1d4f990f9251cbf1a3f76c04d9e0a308"
          },
          "sensitive_attributes": [],
          "dependencies": [
            "cloudflare_zone.site"
          ]
        }
      ]
    },
    {
      "mode": "managed",
      "type": "cloudflare_dns_record",
      "name": "www",
      "provider": "provider[\"registry.opentofu.org/cloudflare/cloudflare\"]",
      "instances": [
        {
          "schema_version": 500,
          "attributes": {
            "comment": null,
            "comment_modified_on": null,
            "content": "guillaumemocquet.pages.dev",
            "created_on": "2026-06-22T20:46:26Z",
            "data": null,
            "id": "21e436544e54415c304d54306e843e1b",
            "meta": "{}",
            "modified_on": "2026-06-22T20:46:26Z",
            "name": "www.guillaumemocquet.com",
            "priority": null,
            "private_routing": null,
            "proxiable": true,
            "proxied": true,
            "settings": {
              "flatten_cname": false,
              "ipv4_only": false,
              "ipv6_only": false
            },
            "tags": [],
            "tags_modified_on": null,
            "ttl": 1,
            "type": "CNAME",
            "zone_id": "1d4f990f9251cbf1a3f76c04d9e0a308"
          },
          "sensitive_attributes": [],
          "dependencies": [
            "cloudflare_zone.site"
          ]
        }
      ]
    },
    {
      "mode": "managed",
      "type": "cloudflare_pages_domain",
      "name": "apex",
      "provider": "provider[\"registry.opentofu.org/cloudflare/cloudflare\"]",
      "instances": [
        {
          "schema_version": 500,
          "attributes": {
            "account_id": "f36cd11bff88eaf1c20bdc0db1507059",
            "certificate_authority": "google",
            "created_on": "2026-06-22T20:46:25.263377Z",
            "domain_id": "6f5e3334-631f-4bb1-8f4c-be5be97a2433",
            "id": "guillaumemocquet.com",
            "name": "guillaumemocquet.com",
            "project_name": "guillaumemocquet",
            "status": "initializing",
            "validation_data": {
              "error_message": null,
              "method": "http",
              "status": "initializing",
              "txt_name": null,
              "txt_value": null
            },
            "verification_data": {
              "error_message": null,
              "status": "pending"
            },
            "zone_tag": null
          },
          "sensitive_attributes": [],
          "dependencies": [
            "cloudflare_pages_project.site"
          ]
        }
      ]
    },
    {
      "mode": "managed",
      "type": "cloudflare_pages_domain",
      "name": "www",
      "provider": "provider[\"registry.opentofu.org/cloudflare/cloudflare\"]",
      "instances": [
        {
          "schema_version": 500,
          "attributes": {
            "account_id": "f36cd11bff88eaf1c20bdc0db1507059",
            "certificate_authority": "google",
            "created_on": "2026-06-22T17:37:06.748591Z",
            "domain_id": "f79059d3-0075-421a-b7e6-90f28c807d35",
            "id": "www.guillaumemocquet.com",
            "name": "www.guillaumemocquet.com",
            "project_name": "guillaumemocquet",
            "status": "active",
            "validation_data": {
              "error_message": null,
              "method": "http",
              "status": "active",
              "txt_name": null,
              "txt_value": null
            },
            "verification_data": {
              "error_message": null,
              "status": "active"
            },
            "zone_tag": null
          },
          "sensitive_attributes": [],
          "dependencies": [
            "cloudflare_pages_project.site"
          ]
        }
      ]
    },
    {
      "mode": "managed",
      "type": "cloudflare_pages_project",
      "name": "site",
      "provider": "provider[\"registry.opentofu.org/cloudflare/cloudflare\"]",
      "instances": [
        {
          "schema_version": 500,
          "attributes": {
            "account_id": "f36cd11bff88eaf1c20bdc0db1507059",
            "build_config": null,
            "canonical_deployment": {
              "aliases": [
                "https://www.guillaumemocquet.com"
              ],
              "build_config": {
                "build_caching": null,
                "build_command": null,
                "destination_dir": null,
                "root_dir": null,
                "web_analytics_tag": null,
                "web_analytics_token": null
              },
              "created_on": "2026-06-22T20:07:41Z",
              "deployment_trigger": {
                "metadata": {
                  "branch": "main",
                  "commit_dirty": false,
                  "commit_hash": "441627f0216ddcb2499ef49335516dba9860d61c",
                  "commit_message": "fix(make): use /bin/bash as SHELL for CI compatibility (#13)"
                },
                "type": "ad_hoc"
              },
              "env_vars": {},
              "environment": "production",
              "id": "6aa5de28-8666-4f7e-995d-a5f9e5a4671c",
              "is_skipped": false,
              "latest_stage": {
                "ended_on": "2026-06-22T20:07:46Z",
                "name": "deploy",
                "started_on": null,
                "status": "success"
              },
              "modified_on": "2026-06-22T20:07:46Z",
              "project_id": "3024aa0c-14bb-4f54-ada1-d12c103359c6",
              "project_name": "guillaumemocquet",
              "short_id": "6aa5de28",
              "source": null,
              "stages": [
                {
                  "ended_on": null,
                  "name": "queued",
                  "started_on": "2026-06-22T20:07:41Z",
                  "status": "active"
                },
                {
                  "ended_on": null,
                  "name": "initialize",
                  "started_on": null,
                  "status": "idle"
                },
                {
                  "ended_on": null,
                  "name": "clone_repo",
                  "started_on": null,
                  "status": "idle"
                },
                {
                  "ended_on": null,
                  "name": "build",
                  "started_on": null,
                  "status": "idle"
                },
                {
                  "ended_on": "2026-06-22T20:07:46Z",
                  "name": "deploy",
                  "started_on": null,
                  "status": "success"
                }
              ],
              "url": "https://6aa5de28.guillaumemocquet.pages.dev",
              "uses_functions": false
            },
            "created_on": "2026-06-22T17:37:04Z",
            "deployment_configs": {
              "preview": {
                "ai_bindings": null,
                "always_use_latest_compatibility_date": false,
                "analytics_engine_datasets": null,
                "browsers": null,
                "build_image_major_version": 3,
                "compatibility_date": "2026-06-22",
                "compatibility_flags": null,
                "d1_databases": null,
                "durable_object_namespaces": null,
                "env_vars": null,
                "fail_open": true,
                "hyperdrive_bindings": null,
                "kv_namespaces": null,
                "limits": null,
                "mtls_certificates": null,
                "placement": null,
                "queue_producers": null,
                "r2_buckets": null,
                "services": null,
                "usage_model": "standard",
                "vectorize_bindings": null,
                "wrangler_config_hash": null
              },
              "production": {
                "ai_bindings": null,
                "always_use_latest_compatibility_date": false,
                "analytics_engine_datasets": null,
                "browsers": null,
                "build_image_major_version": 3,
                "compatibility_date": "2026-06-22",
                "compatibility_flags": null,
                "d1_databases": null,
                "durable_object_namespaces": null,
                "env_vars": null,
                "fail_open": true,
                "hyperdrive_bindings": null,
                "kv_namespaces": null,
                "limits": null,
                "mtls_certificates": null,
                "placement": null,
                "queue_producers": null,
                "r2_buckets": null,
                "services": null,
                "usage_model": "standard",
                "vectorize_bindings": null,
                "wrangler_config_hash": null
              }
            },
            "domains": [
              "guillaumemocquet.pages.dev",
              "www.guillaumemocquet.com"
            ],
            "framework": "",
            "framework_version": "",
            "id": "guillaumemocquet",
            "latest_deployment": {
              "aliases": [
                "https://www.guillaumemocquet.com"
              ],
              "build_config": {
                "build_caching": null,
                "build_command": null,
                "destination_dir": null,
                "root_dir": null,
                "web_analytics_tag": null,
                "web_analytics_token": null
              },
              "created_on": "2026-06-22T20:07:41Z",
              "deployment_trigger": {
                "metadata": {
                  "branch": "main",
                  "commit_dirty": false,
                  "commit_hash": "441627f0216ddcb2499ef49335516dba9860d61c",
                  "commit_message": "fix(make): use /bin/bash as SHELL for CI compatibility (#13)"
                },
                "type": "ad_hoc"
              },
              "env_vars": {},
              "environment": "production",
              "id": "6aa5de28-8666-4f7e-995d-a5f9e5a4671c",
              "is_skipped": false,
              "latest_stage": {
                "ended_on": "2026-06-22T20:07:46Z",
                "name": "deploy",
                "started_on": null,
                "status": "success"
              },
              "modified_on": "2026-06-22T20:07:46Z",
              "project_id": "3024aa0c-14bb-4f54-ada1-d12c103359c6",
              "project_name": "guillaumemocquet",
              "short_id": "6aa5de28",
              "source": null,
              "stages": [
                {
                  "ended_on": null,
                  "name": "queued",
                  "started_on": "2026-06-22T20:07:41Z",
                  "status": "active"
                },
                {
                  "ended_on": null,
                  "name": "initialize",
                  "started_on": null,
                  "status": "idle"
                },
                {
                  "ended_on": null,
                  "name": "clone_repo",
                  "started_on": null,
                  "status": "idle"
                },
                {
                  "ended_on": null,
                  "name": "build",
                  "started_on": null,
                  "status": "idle"
                },
                {
                  "ended_on": "2026-06-22T20:07:46Z",
                  "name": "deploy",
                  "started_on": null,
                  "status": "success"
                }
              ],
              "url": "https://6aa5de28.guillaumemocquet.pages.dev",
              "uses_functions": false
            },
            "name": "guillaumemocquet",
            "preview_script_name": "pages-worker--15339877-preview",
            "production_branch": "main",
            "production_script_name": "pages-worker--15339877-production",
            "source": null,
            "subdomain": "guillaumemocquet.pages.dev",
            "uses_functions": false
          },
          "sensitive_attributes": [
            [
              {
                "type": "get_attr",
                "value": "canonical_deployment"
              },
              {
                "type": "get_attr",
                "value": "build_config"
              },
              {
                "type": "get_attr",
                "value": "web_analytics_token"
              }
            ],
            [
              {
                "type": "get_attr",
                "value": "latest_deployment"
              },
              {
                "type": "get_attr",
                "value": "build_config"
              },
              {
                "type": "get_attr",
                "value": "web_analytics_token"
              }
            ]
          ]
        }
      ]
    },
    {
      "mode": "managed",
      "type": "cloudflare_zone",
      "name": "site",
      "provider": "provider[\"registry.opentofu.org/cloudflare/cloudflare\"]",
      "instances": [
        {
          "schema_version": 500,
          "attributes": {
            "account": {
              "id": "f36cd11bff88eaf1c20bdc0db1507059"
            },
            "activated_on": null,
            "cname_suffix": null,
            "created_on": "2026-06-22T20:46:25Z",
            "development_mode": 0,
            "id": "1d4f990f9251cbf1a3f76c04d9e0a308",
            "meta": {
              "cdn_only": null,
              "custom_certificate_quota": 0,
              "dns_only": null,
              "foundation_dns": null,
              "page_rule_quota": 3,
              "phishing_detected": false,
              "step": 4
            },
            "modified_on": "2026-06-22T20:46:25Z",
            "name": "guillaumemocquet.com",
            "name_servers": [
              "armando.ns.cloudflare.com",
              "gina.ns.cloudflare.com"
            ],
            "original_dnshost": null,
            "original_name_servers": [
              "dns11.ovh.net",
              "ns11.ovh.net"
            ],
            "original_registrar": "ovh sas (id: 433)",
            "owner": {
              "id": null,
              "name": null,
              "type": "user"
            },
            "paused": false,
            "permissions": [
              "#dns_records:edit",
              "#dns_records:read",
              "#zone:edit",
              "#zone:read",
              "#zone_settings:edit",
              "#zone_settings:read"
            ],
            "plan": {
              "can_subscribe": false,
              "currency": "USD",
              "externally_managed": false,
              "frequency": "",
              "id": "0feeeeeeeeeeeeeeeeeeeeeeeeeeeeee",
              "is_subscribed": false,
              "legacy_discount": false,
              "legacy_id": "free",
              "name": "Free Website",
              "price": 0
            },
            "status": "pending",
            "tenant": {
              "id": null,
              "name": null
            },
            "tenant_unit": {
              "id": null
            },
            "type": "full",
            "vanity_name_servers": [],
            "verification_key": null
          },
          "sensitive_attributes": []
        }
      ]
    }
  ],
  "check_results": null
}

